--- 
dependencies: 
  pg: 
    group: 
    - :production
    version: = 0.9.0
  rails: 
    group: 
    - :default
    version: = 2.3.8
    require: []

  authlogic: 
    group: 
    - :default
    version: = 2.1.5
  haml: 
    group: 
    - :default
    version: = 3.0.13
  sqlite3-ruby: 
    group: 
    - :development
    version: = 1.3.0
  shoulda: 
    group: 
    - :test
    version: = 2.11.1
  pacecar: 
    group: 
    - :default
    version: = 1.3.0
  will_paginate: 
    group: 
    - :default
    version: = 2.3.14
  bundler: 
    group: 
    - :default
    version: = 0.9.26
specs: 
- rake: 
    version: 0.8.7
- activesupport: 
    version: 2.3.8
- rack: 
    version: 1.1.0
- actionpack: 
    version: 2.3.8
- actionmailer: 
    version: 2.3.8
- activerecord: 
    version: 2.3.8
- activeresource: 
    version: 2.3.8
- authlogic: 
    version: 2.1.5
- bundler: 
    version: 0.9.26
- haml: 
    version: 3.0.13
- pacecar: 
    version: 1.3.0
- pg: 
    version: 0.9.0
- rails: 
    version: 2.3.8
- shoulda: 
    version: 2.11.1
- sqlite3-ruby: 
    version: 1.3.0
- will_paginate: 
    version: 2.3.14
hash: 343a66a0b265468af8dbe15a5f5f35d1c7cfd5e4
sources: 
- Rubygems: 
    uri: http://gemcutter.org
