--- 
dependencies: 
  pg: 
    group: 
    - :production
    version: = 0.9.0
  rails: 
    group: 
    - :default
    version: = 2.3.8
    require: []

  authlogic: 
    group: 
    - :default
    version: = 2.1.5
  haml: 
    group: 
    - :default
    version: = 3.0.13
  sqlite3-ruby: 
    group: 
    - :development
    version: = 1.3.0
  shoulda: 
    group: 
    - :test
    version: = 2.11.1
  pacecar: 
    group: 
    - :default
    version: = 1.3.0
  will_paginate: 
    group: 
    - :default
    version: = 2.3.14
  locale_rails: 
    group: 
    - :default
    version: = 2.0.6
  bundler: 
    group: 
    - :default
    version: = 0.9.26
  locale: 
    group: 
    - :default
    version: = 2.0.5
specs: 
- rake: 
    version: 0.8.7
- activesupport: 
    version: 2.3.8
- rack: 
    version: 1.1.0
- actionpack: 
    version: 2.3.8
- actionmailer: 
    version: 2.3.8
- activerecord: 
    version: 2.3.8
- activeresource: 
    version: 2.3.8
- authlogic: 
    version: 2.1.5
- bundler: 
    version: 0.9.26
- haml: 
    version: 3.0.13
- locale: 
    version: 2.0.5
- locale_rails: 
    version: 2.0.6
    source: 0
- pacecar: 
    version: 1.3.0
- pg: 
    version: 0.9.0
- rails: 
    version: 2.3.8
- shoulda: 
    version: 2.11.1
- sqlite3-ruby: 
    version: 1.3.0
- will_paginate: 
    version: 2.3.14
hash: c30f1cc63d9c542db2d7c8b56f6a5ebd5e07569b
sources: 
- Git: 
    name: locale_rails
    uri: git://github.com/mutoh/locale_rails.git
    version: 2.0.6
    git: git://github.com/mutoh/locale_rails.git
    ref: 104943d023897977a66d3fec4b6e5babccf430fc
- Rubygems: 
    uri: http://gemcutter.org
